// !$*UTF8*$!
{
	archiveVersion = 1;
	classes = {
	};
	objectVersion = 51;
	objects = {

/* Begin PBXBuildFile section */
		121EE11C287F847EE8E97946 /* Pods_taskapp.framework in Frameworks */ = {isa = PBXBuildFile; fileRef = F9B1ED8D726580CB742E922E /* Pods_taskapp.framework */; };
		52112FDA264BBB52004776F4 /* ViewController.swift in Sources */ = {isa = PBXBuildFile; fileRef = 52112FD9264BBB52004776F4 /* ViewController.swift */; };
		523467FF2640DB69001549A3 /* Category.swift in Sources */ = {isa = PBXBuildFile; fileRef = 523467FE2640DB69001549A3 /* Category.swift */; };
		5239D41E2637EAE50018F2ED /* AppDelegate.swift in Sources */ = {isa = PBXBuildFile; fileRef = 5239D41D2637EAE50018F2ED /* AppDelegate.swift */; };
		5239D4202637EAE50018F2ED /* SceneDelegate.swift in Sources */ = {isa = PBXBuildFile; fileRef = 5239D41F2637EAE50018F2ED /* SceneDelegate.swift */; };
		5239D4252637EAE50018F2ED /* Main.storyboard in Resources */ = {isa = PBXBuildFile; fileRef = 5239D4232637EAE50018F2ED /* Main.storyboard */; };
		5239D4272637EAE70018F2ED /* Assets.xcassets in Resources */ = {isa = PBXBuildFile; fileRef = 5239D4262637EAE70018F2ED /* Assets.xcassets */; };
		5239D42A2637EAE70018F2ED /* LaunchScreen.storyboard in Resources */ = {isa = PBXBuildFile; fileRef = 5239D4282637EAE70018F2ED /* LaunchScreen.storyboard */; };
		5239D4342637F1550018F2ED /* InputViewController.swift in Sources */ = {isa = PBXBuildFile; fileRef = 5239D4332637F1550018F2ED /* InputViewController.swift */; };
		524E7FF526428A350075BF73 /* CategoryViewController.swift in Sources */ = {isa = PBXBuildFile; fileRef = 524E7FF426428A350075BF73 /* CategoryViewController.swift */; };
		529D4474263FCAFE00418CC6 /* .. in Sources */ = {isa = PBXBuildFile; fileRef = 529D4473263FCAFE00418CC6 /* .. */; };
		52D275CC2639168200722C3A /* Task.swift in Sources */ = {isa = PBXBuildFile; fileRef = 52D275CB2639168200722C3A /* Task.swift */; };
/* End PBXBuildFile section */

/* Begin PBXFileReference section */
		38CB8A0B0DAFD77B1EAB060E /* Pods-taskapp.debug.xcconfig */ = {isa = PBXFileReference; includeInIndex = 1; lastKnownFileType = text.xcconfig; name = "Pods-taskapp.debug.xcconfig"; path = "Target Support Files/Pods-taskapp/Pods-taskapp.debug.xcconfig"; sourceTree = "<group>"; };
		47BDE5649D8EDD9DD9A9D50A /* Pods-taskapp.release.xcconfig */ = {isa = PBXFileReference; includeInIndex = 1; lastKnownFileType = text.xcconfig; name = "Pods-taskapp.release.xcconfig"; path = "Target Support Files/Pods-taskapp/Pods-taskapp.release.xcconfig"; sourceTree = "<group>"; };
		52112FD9264BBB52004776F4 /* ViewController.swift */ = {isa = PBXFileReference; fileEncoding = 4; lastKnownFileType = sourcecode.swift; path = ViewController.swift; sourceTree = "<group>"; };
		523467FE2640DB69001549A3 /* Category.swift */ = {isa = PBXFileReference; lastKnownFileType = sourcecode.swift; path = Category.swift; sourceTree = "<group>"; };
		5239D41A2637EAE50018F2ED /* taskapp.app */ = {isa = PBXFileReference; explicitFileType = wrapper.application; includeInIndex = 0; path = taskapp.app; sourceTree = BUILT_PRODUCTS_DIR; };
		5239D41D2637EAE50018F2ED /* AppDelegate.swift */ = {isa = PBXFileReference; lastKnownFileType = sourcecode.swift; path = AppDelegate.swift; sourceTree = "<group>"; };
		5239D41F2637EAE50018F2ED /* SceneDelegate.swift */ = {isa = PBXFileReference; lastKnownFileType = sourcecode.swift; path = SceneDelegate.swift; sourceTree = "<group>"; };
		5239D4242637EAE50018F2ED /* Base */ = {isa = PBXFileReference; lastKnownFileType = file.storyboard; name = Base; path = Base.lproj/Main.storyboard; sourceTree = "<group>"; };
		5239D4262637EAE70018F2ED /* Assets.xcassets */ = {isa = PBXFileReference; lastKnownFileType = folder.assetcatalog; path = Assets.xcassets; sourceTree = "<group>"; };
		5239D4292637EAE70018F2ED /* Base */ = {isa = PBXFileReference; lastKnownFileType = file.storyboard; name = Base; path = Base.lproj/LaunchScreen.storyboard; sourceTree = "<group>"; };
		5239D42B2637EAE70018F2ED /* Info.plist */ = {isa = PBXFileReference; lastKnownFileType = text.plist.xml; path = Info.plist; sourceTree = "<group>"; };
		5239D4332637F1550018F2ED /* InputViewController.swift */ = {isa = PBXFileReference; lastKnownFileType = sourcecode.swift; path = InputViewController.swift; sourceTree = "<group>"; };
		524E7FF426428A350075BF73 /* CategoryViewController.swift */ = {isa = PBXFileReference; lastKnownFileType = sourcecode.swift; path = CategoryViewController.swift; sourceTree = "<group>"; };
		524E7FF82642BF8F0075BF73 /* ViewController.swift */ = {isa = PBXFileReference; lastKnownFileType = sourcecode.swift; path = ViewController.swift; sourceTree = "<group>"; };
		529D4473263FCAFE00418CC6 /* .. */ = {isa = PBXFileReference; fileEncoding = 4; lastKnownFileType = folder; path = ..; sourceTree = "<group>"; };
		52D275CB2639168200722C3A /* Task.swift */ = {isa = PBXFileReference; lastKnownFileType = sourcecode.swift; path = Task.swift; sourceTree = SOURCE_ROOT; };
		F9B1ED8D726580CB742E922E /* Pods_taskapp.framework */ = {isa = PBXFileReference; explicitFileType = wrapper.framework; includeInIndex = 0; path = Pods_taskapp.framework; sourceTree = BUILT_PRODUCTS_DIR; };
/* End PBXFileReference section */

/* Begin PBXFrameworksBuildPhase section */
		5239D4172637EAE50018F2ED /* Frameworks */ = {
			isa = PBXFrameworksBuildPhase;
			buildActionMask = 2147483647;
			files = (
				121EE11C287F847EE8E97946 /* Pods_taskapp.framework in Frameworks */,
			);
			runOnlyForDeploymentPostprocessing = 0;
		};
/* End PBXFrameworksBuildPhase section */

/* Begin PBXGroup section */
		5239D4112637EAE50018F2ED = {
			isa = PBXGroup;
			children = (
				5239D41C2637EAE50018F2ED /* taskapp */,
				5239D41B2637EAE50018F2ED /* Products */,
				5BF6DE6574B987E919FFD29E /* Pods */,
				5ADB4EDD760D5969A0D725A5 /* Frameworks */,
			);
			sourceTree = "<group>";
		};
		5239D41B2637EAE50018F2ED /* Products */ = {
			isa = PBXGroup;
			children = (
				5239D41A2637EAE50018F2ED /* taskapp.app */,
			);
			name = Products;
			sourceTree = "<group>";
		};
		5239D41C2637EAE50018F2ED /* taskapp */ = {
			isa = PBXGroup;
			children = (
				529D4473263FCAFE00418CC6 /* .. */,
				5239D4232637EAE50018F2ED /* Main.storyboard */,
				5239D4332637F1550018F2ED /* InputViewController.swift */,
				524E7FF426428A350075BF73 /* CategoryViewController.swift */,
				52D275CB2639168200722C3A /* Task.swift */,
				523467FE2640DB69001549A3 /* Category.swift */,
				52112FD9264BBB52004776F4 /* ViewController.swift */,
				5239D41D2637EAE50018F2ED /* AppDelegate.swift */,
				5239D41F2637EAE50018F2ED /* SceneDelegate.swift */,
				5239D4262637EAE70018F2ED /* Assets.xcassets */,
				5239D4282637EAE70018F2ED /* LaunchScreen.storyboard */,
				5239D42B2637EAE70018F2ED /* Info.plist */,
			);
			path = taskapp;
			sourceTree = "<group>";
		};
		5ADB4EDD760D5969A0D725A5 /* Frameworks */ = {
			isa = PBXGroup;
			children = (
				F9B1ED8D726580CB742E922E /* Pods_taskapp.framework */,
			);
			name = Frameworks;
			sourceTree = "<group>";
		};
		5BF6DE6574B987E919FFD29E /* Pods */ = {
			isa = PBXGroup;
			children = (
				524E7FF82642BF8F0075BF73 /* ViewController.swift */,
				38CB8A0B0DAFD77B1EAB060E /* Pods-taskapp.debug.xcconfig */,
				47BDE5649D8EDD9DD9A9D50A /* Pods-taskapp.release.xcconfig */,
			);
			path = Pods;
			sourceTree = "<group>";
		};
/* End PBXGroup section */

/* Begin PBXNativeTarget section */
		5239D4192637EAE50018F2ED /* taskapp */ = {
			isa = PBXNativeTarget;
			buildConfigurationList = 5239D42E2637EAE70018F2ED /* Build configuration list for PBXNativeTarget "taskapp" */;
			buildPhases = (
				42E126C6EF964D40A090CC38 /* [CP] Check Pods Manifest.lock */,
				5239D4162637EAE50018F2ED /* Sources */,
				5239D4172637EAE50018F2ED /* Frameworks */,
				5239D4182637EAE50018F2ED /* Resources */,
				9FB7FE7288BE6A4D3109B9A4 /* [CP] Embed Pods Frameworks */,
			);
			buildRules = (
			);
			dependencies = (
			);
			name = taskapp;
			productName = taskapp;
			productReference = 5239D41A2637EAE50018F2ED /* taskapp.app */;
			productType = "com.apple.product-type.application";
		};
/* End PBXNativeTarget section */

/* Begin PBXProject section */
		5239D4122637EAE50018F2ED /* Project object */ = {
			isa = PBXProject;
			attributes = {
				LastSwiftUpdateCheck = 1240;
				LastUpgradeCheck = 1240;
				TargetAttributes = {
					5239D4192637EAE50018F2ED = {
						CreatedOnToolsVersion = 12.4;
					};
				};
			};
			buildConfigurationList = 5239D4152637EAE50018F2ED /* Build configuration list for PBXProject "taskapp" */;
			compatibilityVersion = "Xcode 9.3";
			developmentRegion = en;
			hasScannedForEncodings = 0;
			knownRegions = (
				en,
				Base,
			);
			mainGroup = 5239D4112637EAE50018F2ED;
			productRefGroup = 5239D41B2637EAE50018F2ED /* Products */;
			projectDirPath = "";
			projectRoot = "";
			targets = (
				5239D4192637EAE50018F2ED /* taskapp */,
			);
		};
/* End PBXProject section */

/* Begin PBXResourcesBuildPhase section */
		5239D4182637EAE50018F2ED /* Resources */ = {
			isa = PBXResourcesBuildPhase;
			buildActionMask = 2147483647;
			files = (
				5239D42A2637EAE70018F2ED /* LaunchScreen.storyboard in Resources */,
				5239D4272637EAE70018F2ED /* Assets.xcassets in Resources */,
				5239D4252637EAE50018F2ED /* Main.storyboard in Resources */,
			);
			runOnlyForDeploymentPostprocessing = 0;
		};
/* End PBXResourcesBuildPhase section */

/* Begin PBXShellScriptBuildPhase section */
		42E126C6EF964D40A090CC38 /* [CP] Check Pods Manifest.lock */ = {
			isa = PBXShellScriptBuildPhase;
			buildActionMask = 2147483647;
			files = (
			);
			inputFileListPaths = (
			);
			inputPaths = (
				"${PODS_PODFILE_DIR_PATH}/Podfile.lock",
				"${PODS_ROOT}/Manifest.lock",
			);
			name = "[CP] Check Pods Manifest.lock";
			outputFileListPaths = (
			);
			outputPaths = (
				"$(DERIVED_FILE_DIR)/Pods-taskapp-checkManifestLockResult.txt",
			);
			runOnlyForDeploymentPostprocessing = 0;
			shellPath = /bin/sh;
			shellScript = "diff \"${PODS_PODFILE_DIR_PATH}/Podfile.lock\" \"${PODS_ROOT}/Manifest.lock\" > /dev/null\nif [ $? != 0 ] ; then\n    # print error to STDERR\n    echo \"error: The sandbox is not in sync with the Podfile.lock. Run 'pod install' or update your CocoaPods installation.\" >&2\n    exit 1\nfi\n# This output is used by Xcode 'outputs' to avoid re-running this script phase.\necho \"SUCCESS\" > \"${SCRIPT_OUTPUT_FILE_0}\"\n";
			showEnvVarsInLog = 0;
		};
		9FB7FE7288BE6A4D3109B9A4 /* [CP] Embed Pods Frameworks */ = {
			isa = PBXShellScriptBuildPhase;
			buildActionMask = 2147483647;
			files = (
			);
			inputFileListPaths = (
				"${PODS_ROOT}/Target Support Files/Pods-taskapp/Pods-taskapp-frameworks-${CONFIGURATION}-input-files.xcfilelist",
			);
			name = "[CP] Embed Pods Frameworks";
			outputFileListPaths = (
				"${PODS_ROOT}/Target Support Files/Pods-taskapp/Pods-taskapp-frameworks-${CONFIGURATION}-output-files.xcfilelist",
			);
			runOnlyForDeploymentPostprocessing = 0;
			shellPath = /bin/sh;
			shellScript = "\"${PODS_ROOT}/Target Support Files/Pods-taskapp/Pods-taskapp-frameworks.sh\"\n";
			showEnvVarsInLog = 0;
		};
/* End PBXShellScriptBuildPhase section */

/* Begin PBXSourcesBuildPhase section */
		5239D4162637EAE50018F2ED /* Sources */ = {
			isa = PBXSourcesBuildPhase;
			buildActionMask = 2147483647;
			files = (
				5239D41E2637EAE50018F2ED /* AppDelegate.swift in Sources */,
				52D275CC2639168200722C3A /* Task.swift in Sources */,
				524E7FF526428A350075BF73 /* CategoryViewController.swift in Sources */,
				5239D4202637EAE50018F2ED /* SceneDelegate.swift in Sources */,
				529D4474263FCAFE00418CC6 /* .. in Sources */,
				5239D4342637F1550018F2ED /* InputViewController.swift in Sources */,
				52112FDA264BBB52004776F4 /* ViewController.swift in Sources */,
				523467FF2640DB69001549A3 /* Category.swift in Sources */,
			);
			runOnlyForDeploymentPostprocessing = 0;
		};
/* End PBXSourcesBuildPhase section */

/* Begin PBXVariantGroup section */
		5239D4232637EAE50018F2ED /* Main.storyboard */ = {
			isa = PBXVariantGroup;
			children = (
				5239D4242637EAE50018F2ED /* Base */,
			);
			name = Main.storyboard;
			sourceTree = "<group>";
		};
		5239D4282637EAE70018F2ED /* LaunchScreen.storyboard */ = {
			isa = PBXVariantGroup;
			children = (
				5239D4292637EAE70018F2ED /* Base */,
			);
			name = LaunchScreen.storyboard;
			sourceTree = "<group>";
		};
/* End PBXVariantGroup section */

/* Begin XCBuildConfiguration section */
		5239D42C2637EAE70018F2ED /* Debug */ = {
			isa = XCBuildConfiguration;
			buildSettings = {
				ALWAYS_SEARCH_USER_PATHS = NO;
				CLANG_ANALYZER_NONNULL = YES;
				CLANG_ANALYZER_NUMBER_OBJECT_CONVERSION = YES_AGGRESSIVE;
				CLANG_CXX_LANGUAGE_STANDARD = "gnu++14";
				CLANG_CXX_LIBRARY = "libc++";
				CLANG_ENABLE_MODULES = YES;
				CLANG_ENABLE_OBJC_ARC = YES;
				CLANG_ENABLE_OBJC_WEAK = YES;
				CLANG_WARN_BLOCK_CAPTURE_AUTORELEASING = YES;
				CLANG_WARN_BOOL_CONVERSION = YES;
				CLANG_WARN_COMMA = YES;
				CLANG_WARN_CONSTANT_CONVERSION = YES;
				CLANG_WARN_DEPRECATED_OBJC_IMPLEMENTATIONS = YES;
				CLANG_WARN_DIRECT_OBJC_ISA_USAGE = YES_ERROR;
				CLANG_WARN_DOCUMENTATION_COMMENTS = YES;
				CLANG_WARN_EMPTY_BODY = YES;
				CLANG_WARN_ENUM_CONVERSION = YES;
				CLANG_WARN_INFINITE_RECURSION = YES;
				CLANG_WARN_INT_CONVERSION = YES;
				CLANG_WARN_NON_LITERAL_NULL_CONVERSION = YES;
				CLANG_WARN_OBJC_IMPLICIT_RETAIN_SELF = YES;
				CLANG_WARN_OBJC_LITERAL_CONVERSION = YES;
				CLANG_WARN_OBJC_ROOT_CLASS = YES_ERROR;
				CLANG_WARN_QUOTED_INCLUDE_IN_FRAMEWORK_HEADER = YES;
				CLANG_WARN_RANGE_LOOP_ANALYSIS = YES;
				CLANG_WARN_STRICT_PROTOTYPES = YES;
				CLANG_WARN_SUSPICIOUS_MOVE = YES;
				CLANG_WARN_UNGUARDED_AVAILABILITY = YES_AGGRESSIVE;
				CLANG_WARN_UNREACHABLE_CODE = YES;
				CLANG_WARN__DUPLICATE_METHOD_MATCH = YES;
				COPY_PHASE_STRIP = NO;
				DEBUG_INFORMATION_FORMAT = dwarf;
				ENABLE_STRICT_OBJC_MSGSEND = YES;
				ENABLE_TESTABILITY = YES;
				GCC_C_LANGUAGE_STANDARD = gnu11;
				GCC_DYNAMIC_NO_PIC = NO;
				GCC_NO_COMMON_BLOCKS = YES;
				GCC_OPTIMIZATION_LEVEL = 0;
				GCC_PREPROCESSOR_DEFINITIONS = (
					"DEBUG=1",
					"$(inherited)",
				);
				GCC_WARN_64_TO_32_BIT_CONVERSION = YES;
				GCC_WARN_ABOUT_RETURN_TYPE = YES_ERROR;
				GCC_WARN_UNDECLARED_SELECTOR = YES;
				GCC_WARN_UNINITIALIZED_AUTOS = YES_AGGRESSIVE;
				GCC_WARN_UNUSED_FUNCTION = YES;
				GCC_WARN_UNUSED_VARIABLE = YES;
				IPHONEOS_DEPLOYMENT_TARGET = 14.4;
				MTL_ENABLE_DEBUG_INFO = INCLUDE_SOURCE;
				MTL_FAST_MATH = YES;
				ONLY_ACTIVE_ARCH = YES;
				SDKROOT = iphoneos;
				SWIFT_ACTIVE_COMPILATION_CONDITIONS = DEBUG;
				SWIFT_OPTIMIZATION_LEVEL = "-Onone";
			};
			name = Debug;
		};
		5239D42D2637EAE70018F2ED /* Release */ = {
			isa = XCBuildConfiguration;
			buildSettings = {
				ALWAYS_SEARCH_USER_PATHS = NO;
				CLANG_ANALYZER_NONNULL = YES;
				CLANG_ANALYZER_NUMBER_OBJECT_CONVERSION = YES_AGGRESSIVE;
				CLANG_CXX_LANGUAGE_STANDARD = "gnu++14";
				CLANG_CXX_LIBRARY = "libc++";
				CLANG_ENABLE_MODULES = YES;
				CLANG_ENABLE_OBJC_ARC = YES;
				CLANG_ENABLE_OBJC_WEAK = YES;
				CLANG_WARN_BLOCK_CAPTURE_AUTORELEASING = YES;
				CLANG_WARN_BOOL_CONVERSION = YES;
				CLANG_WARN_COMMA = YES;
				CLANG_WARN_CONSTANT_CONVERSION = YES;
				CLANG_WARN_DEPRECATED_OBJC_IMPLEMENTATIONS = YES;
				CLANG_WARN_DIRECT_OBJC_ISA_USAGE = YES_ERROR;
				CLANG_WARN_DOCUMENTATION_COMMENTS = YES;
				CLANG_WARN_EMPTY_BODY = YES;
				CLANG_WARN_ENUM_CONVERSION = YES;
				CLANG_WARN_INFINITE_RECURSION = YES;
				CLANG_WARN_INT_CONVERSION = YES;
				CLANG_WARN_NON_LITERAL_NULL_CONVERSION = YES;
				CLANG_WARN_OBJC_IMPLICIT_RETAIN_SELF = YES;
				CLANG_WARN_OBJC_LITERAL_CONVERSION = YES;
				CLANG_WARN_OBJC_ROOT_CLASS = YES_ERROR;
				CLANG_WARN_QUOTED_INCLUDE_IN_FRAMEWORK_HEADER = YES;
				CLANG_WARN_RANGE_LOOP_ANALYSIS = YES;
				CLANG_WARN_STRICT_PROTOTYPES = YES;
				CLANG_WARN_SUSPICIOUS_MOVE = YES;
				CLANG_WARN_UNGUARDED_AVAILABILITY = YES_AGGRESSIVE;
				CLANG_WARN_UNREACHABLE_CODE = YES;
				CLANG_WARN__DUPLICATE_METHOD_MATCH = YES;
				COPY_PHASE_STRIP = NO;
				DEBUG_INFORMATION_FORMAT = "dwarf-with-dsym";
				ENABLE_NS_ASSERTIONS = NO;
				ENABLE_STRICT_OBJC_MSGSEND = YES;
				GCC_C_LANGUAGE_STANDARD = gnu11;
				GCC_NO_COMMON_BLOCKS = YES;
				GCC_WARN_64_TO_32_BIT_CONVERSION = YES;
				GCC_WARN_ABOUT_RETURN_TYPE = YES_ERROR;
				GCC_WARN_UNDECLARED_SELECTOR = YES;
				GCC_WARN_UNINITIALIZED_AUTOS = YES_AGGRESSIVE;
				GCC_WARN_UNUSED_FUNCTION = YES;
				GCC_WARN_UNUSED_VARIABLE = YES;
				IPHONEOS_DEPLOYMENT_TARGET = 14.4;
				MTL_ENABLE_DEBUG_INFO = NO;
				MTL_FAST_MATH = YES;
				SDKROOT = iphoneos;
				SWIFT_COMPILATION_MODE = wholemodule;
				SWIFT_OPTIMIZATION_LEVEL = "-O";
				VALIDATE_PRODUCT = YES;
			};
			name = Release;
		};
		5239D42F2637EAE70018F2ED /* Debug */ = {
			isa = XCBuildConfiguration;
			baseConfigurationReference = 38CB8A0B0DAFD77B1EAB060E /* Pods-taskapp.debug.xcconfig */;
			buildSettings = {
				ASSETCATALOG_COMPILER_APPICON_NAME = AppIcon;
				ASSETCATALOG_COMPILER_GLOBAL_ACCENT_COLOR_NAME = AccentColor;
				CODE_SIGN_STYLE = Automatic;
				DEVELOPMENT_TEAM = QSPQ5YNBW4;
				INFOPLIST_FILE = taskapp/Info.plist;
				IPHONEOS_DEPLOYMENT_TARGET = 14.0;
				LD_RUNPATH_SEARCH_PATHS = (
					"$(inherited)",
					"@executable_path/Frameworks",
				);
				PRODUCT_BUNDLE_IDENTIFIER = com.iyu.taskapp;
				PRODUCT_NAME = "$(TARGET_NAME)";
				SWIFT_VERSION = 5.0;
				TARGETED_DEVICE_FAMILY = 1;
			};
			name = Debug;
		};
		5239D4302637EAE70018F2ED /* Release */ = {
			isa = XCBuildConfiguration;
			baseConfigurationReference = 47BDE5649D8EDD9DD9A9D50A /* Pods-taskapp.release.xcconfig */;
			buildSettings = {
				ASSETCATALOG_COMPILER_APPICON_NAME = AppIcon;
				ASSETCATALOG_COMPILER_GLOBAL_ACCENT_COLOR_NAME = AccentColor;
				CODE_SIGN_STYLE = Automatic;
				DEVELOPMENT_TEAM = QSPQ5YNBW4;
				INFOPLIST_FILE = taskapp/Info.plist;
				IPHONEOS_DEPLOYMENT_TARGET = 14.0;
				LD_RUNPATH_SEARCH_PATHS = (
					"$(inherited)",
					"@executable_path/Frameworks",
				);
				PRODUCT_BUNDLE_IDENTIFIER = com.iyu.taskapp;
				PRODUCT_NAME = "$(TARGET_NAME)";
				SWIFT_VERSION = 5.0;
				TARGETED_DEVICE_FAMILY = 1;
			};
			name = Release;
		};
/* End XCBuildConfiguration section */

/* Begin XCConfigurationList section */
		5239D4152637EAE50018F2ED /* Build configuration list for PBXProject "taskapp" */ = {
			isa = XCConfigurationList;
			buildConfigurations = (
				5239D42C2637EAE70018F2ED /* Debug */,
				5239D42D2637EAE70018F2ED /* Release */,
			);
			defaultConfigurationIsVisible = 0;
			defaultConfigurationName = Release;
		};
		5239D42E2637EAE70018F2ED /* Build configuration list for PBXNativeTarget "taskapp" */ = {
			isa = XCConfigurationList;
			buildConfigurations = (
				5239D42F2637EAE70018F2ED /* Debug */,
				5239D4302637EAE70018F2ED /* Release */,
			);
			defaultConfigurationIsVisible = 0;
			defaultConfigurationName = Release;
		};
/* End XCConfigurationList section */
	};
	rootObject = 5239D4122637EAE50018F2ED /* Project object */;
}
